
Microsoft Visual Studio Solution File, Format Version 12.00
# Visual Studio Version 17
VisualStudioVersion = 17.8.34330.188
MinimumVisualStudioVersion = 10.0.40219.1
Project("{FAE04EC0-301F-11D3-BF4B-00C04F79EFBC}") = "Emre", "Emre.csproj", "{20BE9507-37C0-4025-ACB6-537FA4830957}"
EndProject
Global
	GlobalSection(SolutionConfigurationPlatforms) = preSolution
		Debug|Any CPU = Debug|Any CPU
		Release|Any CPU = Release|Any CPU
	EndGlobalSection
	GlobalSection(ProjectConfigurationPlatforms) = postSolution
		{20BE9507-37C0-4025-ACB6-537FA4830957}.Debug|Any CPU.ActiveCfg = Debug|Any CPU
		{20BE9507-37C0-4025-ACB6-537FA4830957}.Debug|Any CPU.Build.0 = Debug|Any CPU
		{20BE9507-37C0-4025-ACB6-537FA4830957}.Debug|Any CPU.Deploy.0 = Debug|Any CPU
		{20BE9507-37C0-4025-ACB6-537FA4830957}.Release|Any CPU.ActiveCfg = Release|Any CPU
		{20BE9507-37C0-4025-ACB6-537FA4830957}.Release|Any CPU.Build.0 = Release|Any CPU
		{20BE9507-37C0-4025-ACB6-537FA4830957}.Release|Any CPU.Deploy.0 = Release|Any CPU
	EndGlobalSection
	GlobalSection(SolutionProperties) = preSolution
		HideSolutionNode = FALSE
	EndGlobalSection
	GlobalSection(ExtensibilityGlobals) = postSolution
		SolutionGuid = {70E83A4A-71A7-4D09-A5DC-1FF20DF0F015}
	EndGlobalSection
EndGlobal
